<?xml version="1.0" encoding="utf-8"?>
<Project ToolsVersion="4.0" xmlns="http://schemas.microsoft.com/developer/msbuild/2003">
  <ItemGroup>
    <Filter Include="Source Files">
      <UniqueIdentifier>{4FC737F1-C7A5-4376-A066-2A32D752A2FF}</UniqueIdentifier>
      <Extensions>cpp;c;cc;cxx;def;odl;idl;hpj;bat;asm;asmx</Extensions>
    </Filter>
    <Filter Include="Header Files">
      <UniqueIdentifier>{93995380-89BD-4b04-88EB-625FBE52EBFB}</UniqueIdentifier>
      <Extensions>h;hh;hpp;hxx;hm;inl;inc;xsd</Extensions>
    </Filter>
    <Filter Include="Resource Files">
      <UniqueIdentifier>{67DA6AB6-F800-4c08-8B7A-83BB121AAD01}</UniqueIdentifier>
      <Extensions>rc;ico;cur;bmp;dlg;rc2;rct;bin;rgs;gif;jpg;jpeg;jpe;resx;tiff;tif;png;wav;mfcribbon-ms</Extensions>
    </Filter>
  </ItemGroup>
  <ItemGroup>
    <ClCompile Include="main.c">
      <Filter>Source Files</Filter>
    </ClCompile>
    <ClCompile Include="my_printf.c">
      <Filter>Source Files</Filter>
    </ClCompile>
    <ClCompile Include="my_put_char.c">
      <Filter>Source Files</Filter>
    </ClCompile>
    <ClCompile Include="my_put_string.c">
      <Filter>Source Files</Filter>
    </ClCompile>
    <ClCompile Include="my_put_pointer.c">
      <Filter>Source Files</Filter>
    </ClCompile>
    <ClCompile Include="my_put_scientific_notation.c">
      <Filter>Source Files</Filter>
    </ClCompile>
    <ClCompile Include="decimal_to_hexa.c">
      <Filter>Source Files</Filter>
    </ClCompile>
    <ClCompile Include="string_length.c">
      <Filter>Source Files</Filter>
    </ClCompile>
    <ClCompile Include="reverse_string.c">
      <Filter>Source Files</Filter>
    </ClCompile>
    <ClCompile Include="mathematic_operations.c">
      <Filter>Source Files</Filter>
    </ClCompile>
    <ClCompile Include="application.c">
      <Filter>Source Files</Filter>
    </ClCompile>
    <ClCompile Include="string_compare.c">
      <Filter>Source Files</Filter>
    </ClCompile>
    <ClCompile Include="print_functions.c">
      <Filter>Source Files</Filter>
    </ClCompile>
    <ClCompile Include="string_copy.c">
      <Filter>Source Files</Filter>
    </ClCompile>
    <ClCompile Include="string_operation.c">
      <Filter>Source Files</Filter>
    </ClCompile>
    <ClCompile Include="my_put_number.c">
      <Filter>Source Files</Filter>
    </ClCompile>
    <ClCompile Include="option.c">
      <Filter>Source Files</Filter>
    </ClCompile>
  </ItemGroup>
  <ItemGroup>
    <ClInclude Include="my_printf.h">
      <Filter>Header Files</Filter>
    </ClInclude>
    <ClInclude Include="my_put_char.h">
      <Filter>Header Files</Filter>
    </ClInclude>
    <ClInclude Include="my_put_string.h">
      <Filter>Header Files</Filter>
    </ClInclude>
    <ClInclude Include="my_put_pointer.h">
      <Filter>Header Files</Filter>
    </ClInclude>
    <ClInclude Include="my_put_scientific_notation.h">
      <Filter>Header Files</Filter>
    </ClInclude>
    <ClInclude Include="decimal_to_hexa.h">
      <Filter>Header Files</Filter>
    </ClInclude>
    <ClInclude Include="string_length.h">
      <Filter>Header Files</Filter>
    </ClInclude>
    <ClInclude Include="reverse_string.h">
      <Filter>Header Files</Filter>
    </ClInclude>
    <ClInclude Include="mathematic_operations.h">
      <Filter>Header Files</Filter>
    </ClInclude>
    <ClInclude Include="application.h">
      <Filter>Header Files</Filter>
    </ClInclude>
    <ClInclude Include="string_compare.h">
      <Filter>Header Files</Filter>
    </ClInclude>
    <ClInclude Include="print_functions.h">
      <Filter>Header Files</Filter>
    </ClInclude>
    <ClInclude Include="string_copy.h">
      <Filter>Header Files</Filter>
    </ClInclude>
    <ClInclude Include="string_operation.h">
      <Filter>Header Files</Filter>
    </ClInclude>
    <ClInclude Include="my_put_number.h">
      <Filter>Header Files</Filter>
    </ClInclude>
    <ClInclude Include="option.h">
      <Filter>Header Files</Filter>
    </ClInclude>
  </ItemGroup>
</Project>